
Microsoft Visual Studio Solution File, Format Version 12.00
# Visual Studio Version 16
VisualStudioVersion = 16.0.30907.101
MinimumVisualStudioVersion = 10.0.40219.1
Project("{FAE04EC0-301F-11D3-BF4B-00C04F79EFBC}") = "Sandbox", "Sandbox\Sandbox.csproj", "{05B07E1F-8734-45A3-9877-B968839CCAB6}"
EndProject
Project("{FAE04EC0-301F-11D3-BF4B-00C04F79EFBC}") = "SandboxTests", "SandboxTests\SandboxTests.csproj", "{244BC161-9E79-416F-8A10-73BBB4F55387}"
EndProject
Global
	GlobalSection(SolutionConfigurationPlatforms) = preSolution
		Debug|Any CPU = Debug|Any CPU
		Release|Any CPU = Release|Any CPU
	EndGlobalSection
	GlobalSection(ProjectConfigurationPlatforms) = postSolution
		{05B07E1F-8734-45A3-9877-B968839CCAB6}.Debug|Any CPU.ActiveCfg = Debug|Any CPU
		{05B07E1F-8734-45A3-9877-B968839CCAB6}.Debug|Any CPU.Build.0 = Debug|Any CPU
		{05B07E1F-8734-45A3-9877-B968839CCAB6}.Release|Any CPU.ActiveCfg = Release|Any CPU
		{05B07E1F-8734-45A3-9877-B968839CCAB6}.Release|Any CPU.Build.0 = Release|Any CPU
		{244BC161-9E79-416F-8A10-73BBB4F55387}.Debug|Any CPU.ActiveCfg = Debug|Any CPU
		{244BC161-9E79-416F-8A10-73BBB4F55387}.Debug|Any CPU.Build.0 = Debug|Any CPU
		{244BC161-9E79-416F-8A10-73BBB4F55387}.Release|Any CPU.ActiveCfg = Release|Any CPU
		{244BC161-9E79-416F-8A10-73BBB4F55387}.Release|Any CPU.Build.0 = Release|Any CPU
	EndGlobalSection
	GlobalSection(SolutionProperties) = preSolution
		HideSolutionNode = FALSE
	EndGlobalSection
	GlobalSection(ExtensibilityGlobals) = postSolution
		SolutionGuid = {CD50F9C3-30CE-4FDB-9080-73D9BE248E36}
	EndGlobalSection
EndGlobal
